// !$*UTF8*$!
{
	archiveVersion = 1;
	classes = {
	};
	objectVersion = 50;
	objects = {

/* Begin PBXBuildFile section */
		20DB3C1E2317B1B90082DD05 /* main.c in Sources */ = {isa = PBXBuildFile; fileRef = 20DB3C1D2317B1B90082DD05 /* main.c */; };
		20DB3C28231D08C20082DD05 /* weight.bin in CopyFiles */ = {isa = PBXBuildFile; fileRef = 20DB3C27231D089B0082DD05 /* weight.bin */; };
		20DB3C2A231D09090082DD05 /* cat.jpg in CopyFiles */ = {isa = PBXBuildFile; fileRef = 20DB3C29231D09010082DD05 /* cat.jpg */; };
		20DB3C2C231D0CD30082DD05 /* synset_words.txt in CopyFiles */ = {isa = PBXBuildFile; fileRef = 20DB3C2B231D0CC80082DD05 /* synset_words.txt */; };
/* End PBXBuildFile section */

/* Begin PBXCopyFilesBuildPhase section */
		20DB3C182317B1B90082DD05 /* CopyFiles */ = {
			isa = PBXCopyFilesBuildPhase;
			buildActionMask = 12;
			dstPath = "";
			dstSubfolderSpec = 6;
			files = (
				20DB3C2C231D0CD30082DD05 /* synset_words.txt in CopyFiles */,
				20DB3C2A231D09090082DD05 /* cat.jpg in CopyFiles */,
				20DB3C28231D08C20082DD05 /* weight.bin in CopyFiles */,
			);
			runOnlyForDeploymentPostprocessing = 0;
		};
/* End PBXCopyFilesBuildPhase section */

/* Begin PBXFileReference section */
		20DB3C1A2317B1B90082DD05 /* SqueezeNet */ = {isa = PBXFileReference; explicitFileType = "compiled.mach-o.executable"; includeInIndex = 0; path = SqueezeNet; sourceTree = BUILT_PRODUCTS_DIR; };
		20DB3C1D2317B1B90082DD05 /* main.c */ = {isa = PBXFileReference; lastKnownFileType = sourcecode.c.c; path = main.c; sourceTree = "<group>"; };
		20DB3C24231900DA0082DD05 /* stb_image_resize.h */ = {isa = PBXFileReference; fileEncoding = 4; lastKnownFileType = sourcecode.c.h; path = stb_image_resize.h; sourceTree = "<group>"; };
		20DB3C25231900DA0082DD05 /* stb_image_write.h */ = {isa = PBXFileReference; fileEncoding = 4; lastKnownFileType = sourcecode.c.h; path = stb_image_write.h; sourceTree = "<group>"; };
		20DB3C26231900DA0082DD05 /* stb_image.h */ = {isa = PBXFileReference; fileEncoding = 4; lastKnownFileType = sourcecode.c.h; path = stb_image.h; sourceTree = "<group>"; };
		20DB3C27231D089B0082DD05 /* weight.bin */ = {isa = PBXFileReference; lastKnownFileType = archive.macbinary; path = weight.bin; sourceTree = "<group>"; };
		20DB3C29231D09010082DD05 /* cat.jpg */ = {isa = PBXFileReference; lastKnownFileType = image.jpeg; path = cat.jpg; sourceTree = "<group>"; };
		20DB3C2B231D0CC80082DD05 /* synset_words.txt */ = {isa = PBXFileReference; fileEncoding = 4; lastKnownFileType = text; path = synset_words.txt; sourceTree = "<group>"; };
/* End PBXFileReference section */

/* Begin PBXFrameworksBuildPhase section */
		20DB3C172317B1B90082DD05 /* Frameworks */ = {
			isa = PBXFrameworksBuildPhase;
			buildActionMask = 2147483647;
			files = (
			);
			runOnlyForDeploymentPostprocessing = 0;
		};
/* End PBXFrameworksBuildPhase section */

/* Begin PBXGroup section */
		20DB3C112317B1B80082DD05 = {
			isa = PBXGroup;
			children = (
				20DB3C1C2317B1B90082DD05 /* SqueezeNet */,
				20DB3C1B2317B1B90082DD05 /* Products */,
			);
			sourceTree = "<group>";
		};
		20DB3C1B2317B1B90082DD05 /* Products */ = {
			isa = PBXGroup;
			children = (
				20DB3C1A2317B1B90082DD05 /* SqueezeNet */,
			);
			name = Products;
			sourceTree = "<group>";
		};
		20DB3C1C2317B1B90082DD05 /* SqueezeNet */ = {
			isa = PBXGroup;
			children = (
				20DB3C27231D089B0082DD05 /* weight.bin */,
				20DB3C24231900DA0082DD05 /* stb_image_resize.h */,
				20DB3C25231900DA0082DD05 /* stb_image_write.h */,
				20DB3C26231900DA0082DD05 /* stb_image.h */,
				20DB3C1D2317B1B90082DD05 /* main.c */,
				20DB3C2B231D0CC80082DD05 /* synset_words.txt */,
				20DB3C29231D09010082DD05 /* cat.jpg */,
			);
			path = SqueezeNet;
			sourceTree = "<group>";
		};
/* End PBXGroup section */

/* Begin PBXNativeTarget section */
		20DB3C192317B1B90082DD05 /* SqueezeNet */ = {
			isa = PBXNativeTarget;
			buildConfigurationList = 20DB3C212317B1B90082DD05 /* Build configuration list for PBXNativeTarget "SqueezeNet" */;
			buildPhases = (
				20DB3C162317B1B90082DD05 /* Sources */,
				20DB3C172317B1B90082DD05 /* Frameworks */,
				20DB3C182317B1B90082DD05 /* CopyFiles */,
			);
			buildRules = (
			);
			dependencies = (
			);
			name = SqueezeNet;
			productName = SqueezeNet;
			productReference = 20DB3C1A2317B1B90082DD05 /* SqueezeNet */;
			productType = "com.apple.product-type.tool";
		};
/* End PBXNativeTarget section */

/* Begin PBXProject section */
		20DB3C122317B1B80082DD05 /* Project object */ = {
			isa = PBXProject;
			attributes = {
				LastUpgradeCheck = 1030;
				ORGANIZATIONNAME = "Thomas Hou";
				TargetAttributes = {
					20DB3C192317B1B90082DD05 = {
						CreatedOnToolsVersion = 10.3;
					};
				};
			};
			buildConfigurationList = 20DB3C152317B1B80082DD05 /* Build configuration list for PBXProject "SqueezeNet" */;
			compatibilityVersion = "Xcode 9.3";
			developmentRegion = en;
			hasScannedForEncodings = 0;
			knownRegions = (
				en,
			);
			mainGroup = 20DB3C112317B1B80082DD05;
			productRefGroup = 20DB3C1B2317B1B90082DD05 /* Products */;
			projectDirPath = "";
			projectRoot = "";
			targets = (
				20DB3C192317B1B90082DD05 /* SqueezeNet */,
			);
		};
/* End PBXProject section */

/* Begin PBXSourcesBuildPhase section */
		20DB3C162317B1B90082DD05 /* Sources */ = {
			isa = PBXSourcesBuildPhase;
			buildActionMask = 2147483647;
			files = (
				20DB3C1E2317B1B90082DD05 /* main.c in Sources */,
			);
			runOnlyForDeploymentPostprocessing = 0;
		};
/* End PBXSourcesBuildPhase section */

/* Begin XCBuildConfiguration section */
		20DB3C1F2317B1B90082DD05 /* Debug */ = {
			isa = XCBuildConfiguration;
			buildSettings = {
				ALWAYS_SEARCH_USER_PATHS = NO;
				CLANG_ANALYZER_NONNULL = YES;
				CLANG_ANALYZER_NUMBER_OBJECT_CONVERSION = YES_AGGRESSIVE;
				CLANG_CXX_LANGUAGE_STANDARD = "gnu++14";
				CLANG_CXX_LIBRARY = "libc++";
				CLANG_ENABLE_MODULES = YES;
				CLANG_ENABLE_OBJC_ARC = YES;
				CLANG_ENABLE_OBJC_WEAK = YES;
				CLANG_WARN_BLOCK_CAPTURE_AUTORELEASING = YES;
				CLANG_WARN_BOOL_CONVERSION = YES;
				CLANG_WARN_COMMA = YES;
				CLANG_WARN_CONSTANT_CONVERSION = YES;
				CLANG_WARN_DEPRECATED_OBJC_IMPLEMENTATIONS = YES;
				CLANG_WARN_DIRECT_OBJC_ISA_USAGE = YES_ERROR;
				CLANG_WARN_DOCUMENTATION_COMMENTS = YES;
				CLANG_WARN_EMPTY_BODY = YES;
				CLANG_WARN_ENUM_CONVERSION = YES;
				CLANG_WARN_INFINITE_RECURSION = YES;
				CLANG_WARN_INT_CONVERSION = YES;
				CLANG_WARN_NON_LITERAL_NULL_CONVERSION = YES;
				CLANG_WARN_OBJC_IMPLICIT_RETAIN_SELF = YES;
				CLANG_WARN_OBJC_LITERAL_CONVERSION = YES;
				CLANG_WARN_OBJC_ROOT_CLASS = YES_ERROR;
				CLANG_WARN_RANGE_LOOP_ANALYSIS = YES;
				CLANG_WARN_STRICT_PROTOTYPES = YES;
				CLANG_WARN_SUSPICIOUS_MOVE = YES;
				CLANG_WARN_UNGUARDED_AVAILABILITY = YES_AGGRESSIVE;
				CLANG_WARN_UNREACHABLE_CODE = YES;
				CLANG_WARN__DUPLICATE_METHOD_MATCH = YES;
				CODE_SIGN_IDENTITY = "-";
				COPY_PHASE_STRIP = NO;
				DEBUG_INFORMATION_FORMAT = dwarf;
				ENABLE_STRICT_OBJC_MSGSEND = YES;
				ENABLE_TESTABILITY = YES;
				GCC_C_LANGUAGE_STANDARD = gnu11;
				GCC_DYNAMIC_NO_PIC = NO;
				GCC_NO_COMMON_BLOCKS = YES;
				GCC_OPTIMIZATION_LEVEL = 0;
				GCC_PREPROCESSOR_DEFINITIONS = (
					"DEBUG=1",
					"$(inherited)",
				);
				GCC_WARN_64_TO_32_BIT_CONVERSION = YES;
				GCC_WARN_ABOUT_RETURN_TYPE = YES_ERROR;
				GCC_WARN_UNDECLARED_SELECTOR = YES;
				GCC_WARN_UNINITIALIZED_AUTOS = YES_AGGRESSIVE;
				GCC_WARN_UNUSED_FUNCTION = YES;
				GCC_WARN_UNUSED_VARIABLE = YES;
				MACOSX_DEPLOYMENT_TARGET = 10.14;
				MTL_ENABLE_DEBUG_INFO = INCLUDE_SOURCE;
				MTL_FAST_MATH = YES;
				ONLY_ACTIVE_ARCH = YES;
				SDKROOT = macosx;
			};
			name = Debug;
		};
		20DB3C202317B1B90082DD05 /* Release */ = {
			isa = XCBuildConfiguration;
			buildSettings = {
				ALWAYS_SEARCH_USER_PATHS = NO;
				CLANG_ANALYZER_NONNULL = YES;
				CLANG_ANALYZER_NUMBER_OBJECT_CONVERSION = YES_AGGRESSIVE;
				CLANG_CXX_LANGUAGE_STANDARD = "gnu++14";
				CLANG_CXX_LIBRARY = "libc++";
				CLANG_ENABLE_MODULES = YES;
				CLANG_ENABLE_OBJC_ARC = YES;
				CLANG_ENABLE_OBJC_WEAK = YES;
				CLANG_WARN_BLOCK_CAPTURE_AUTORELEASING = YES;
				CLANG_WARN_BOOL_CONVERSION = YES;
				CLANG_WARN_COMMA = YES;
				CLANG_WARN_CONSTANT_CONVERSION = YES;
				CLANG_WARN_DEPRECATED_OBJC_IMPLEMENTATIONS = YES;
				CLANG_WARN_DIRECT_OBJC_ISA_USAGE = YES_ERROR;
				CLANG_WARN_DOCUMENTATION_COMMENTS = YES;
				CLANG_WARN_EMPTY_BODY = YES;
				CLANG_WARN_ENUM_CONVERSION = YES;
				CLANG_WARN_INFINITE_RECURSION = YES;
				CLANG_WARN_INT_CONVERSION = YES;
				CLANG_WARN_NON_LITERAL_NULL_CONVERSION = YES;
				CLANG_WARN_OBJC_IMPLICIT_RETAIN_SELF = YES;
				CLANG_WARN_OBJC_LITERAL_CONVERSION = YES;
				CLANG_WARN_OBJC_ROOT_CLASS = YES_ERROR;
				CLANG_WARN_RANGE_LOOP_ANALYSIS = YES;
				CLANG_WARN_STRICT_PROTOTYPES = YES;
				CLANG_WARN_SUSPICIOUS_MOVE = YES;
				CLANG_WARN_UNGUARDED_AVAILABILITY = YES_AGGRESSIVE;
				CLANG_WARN_UNREACHABLE_CODE = YES;
				CLANG_WARN__DUPLICATE_METHOD_MATCH = YES;
				CODE_SIGN_IDENTITY = "-";
				COPY_PHASE_STRIP = NO;
				DEBUG_INFORMATION_FORMAT = "dwarf-with-dsym";
				ENABLE_NS_ASSERTIONS = NO;
				ENABLE_STRICT_OBJC_MSGSEND = YES;
				GCC_C_LANGUAGE_STANDARD = gnu11;
				GCC_NO_COMMON_BLOCKS = YES;
				GCC_WARN_64_TO_32_BIT_CONVERSION = YES;
				GCC_WARN_ABOUT_RETURN_TYPE = YES_ERROR;
				GCC_WARN_UNDECLARED_SELECTOR = YES;
				GCC_WARN_UNINITIALIZED_AUTOS = YES_AGGRESSIVE;
				GCC_WARN_UNUSED_FUNCTION = YES;
				GCC_WARN_UNUSED_VARIABLE = YES;
				MACOSX_DEPLOYMENT_TARGET = 10.14;
				MTL_ENABLE_DEBUG_INFO = NO;
				MTL_FAST_MATH = YES;
				SDKROOT = macosx;
			};
			name = Release;
		};
		20DB3C222317B1B90082DD05 /* Debug */ = {
			isa = XCBuildConfiguration;
			buildSettings = {
				CODE_SIGN_STYLE = Automatic;
				PRODUCT_NAME = "$(TARGET_NAME)";
			};
			name = Debug;
		};
		20DB3C232317B1B90082DD05 /* Release */ = {
			isa = XCBuildConfiguration;
			buildSettings = {
				CODE_SIGN_STYLE = Automatic;
				PRODUCT_NAME = "$(TARGET_NAME)";
			};
			name = Release;
		};
/* End XCBuildConfiguration section */

/* Begin XCConfigurationList section */
		20DB3C152317B1B80082DD05 /* Build configuration list for PBXProject "SqueezeNet" */ = {
			isa = XCConfigurationList;
			buildConfigurations = (
				20DB3C1F2317B1B90082DD05 /* Debug */,
				20DB3C202317B1B90082DD05 /* Release */,
			);
			defaultConfigurationIsVisible = 0;
			defaultConfigurationName = Release;
		};
		20DB3C212317B1B90082DD05 /* Build configuration list for PBXNativeTarget "SqueezeNet" */ = {
			isa = XCConfigurationList;
			buildConfigurations = (
				20DB3C222317B1B90082DD05 /* Debug */,
				20DB3C232317B1B90082DD05 /* Release */,
			);
			defaultConfigurationIsVisible = 0;
			defaultConfigurationName = Release;
		};
/* End XCConfigurationList section */
	};
	rootObject = 20DB3C122317B1B80082DD05 /* Project object */;
}
